
Microsoft Visual Studio Solution File, Format Version 12.00
# Visual Studio 15
VisualStudioVersion = 15.0.28010.2046
MinimumVisualStudioVersion = 10.0.40219.1
Project("{00D1A9C2-B5F0-4AF3-8072-F6C62B433612}") = "Garage.DataBase", "Garage.DataBase\Garage.DataBase.sqlproj", "{486E6A50-0FEA-4BAE-994E-EDFC69E7949B}"
EndProject
Project("{FAE04EC0-301F-11D3-BF4B-00C04F79EFBC}") = "Garage.Lib", "Garage.Lib\Garage.Lib.csproj", "{A91C5FB4-CDCC-4A1A-9071-1089F6E20A3E}"
EndProject
Project("{FAE04EC0-301F-11D3-BF4B-00C04F79EFBC}") = "Garage.WPFClient", "Garage.WPFClient\Garage.WPFClient.csproj", "{A58F4F2F-2DC1-4596-933C-7C99775E959A}"
EndProject
Global
	GlobalSection(SolutionConfigurationPlatforms) = preSolution
		Debug|Any CPU = Debug|Any CPU
		Release|Any CPU = Release|Any CPU
	EndGlobalSection
	GlobalSection(ProjectConfigurationPlatforms) = postSolution
		{486E6A50-0FEA-4BAE-994E-EDFC69E7949B}.Debug|Any CPU.ActiveCfg = Debug|Any CPU
		{486E6A50-0FEA-4BAE-994E-EDFC69E7949B}.Debug|Any CPU.Build.0 = Debug|Any CPU
		{486E6A50-0FEA-4BAE-994E-EDFC69E7949B}.Debug|Any CPU.Deploy.0 = Debug|Any CPU
		{486E6A50-0FEA-4BAE-994E-EDFC69E7949B}.Release|Any CPU.ActiveCfg = Release|Any CPU
		{486E6A50-0FEA-4BAE-994E-EDFC69E7949B}.Release|Any CPU.Build.0 = Release|Any CPU
		{486E6A50-0FEA-4BAE-994E-EDFC69E7949B}.Release|Any CPU.Deploy.0 = Release|Any CPU
		{A91C5FB4-CDCC-4A1A-9071-1089F6E20A3E}.Debug|Any CPU.ActiveCfg = Debug|Any CPU
		{A91C5FB4-CDCC-4A1A-9071-1089F6E20A3E}.Debug|Any CPU.Build.0 = Debug|Any CPU
		{A91C5FB4-CDCC-4A1A-9071-1089F6E20A3E}.Release|Any CPU.ActiveCfg = Release|Any CPU
		{A91C5FB4-CDCC-4A1A-9071-1089F6E20A3E}.Release|Any CPU.Build.0 = Release|Any CPU
		{A58F4F2F-2DC1-4596-933C-7C99775E959A}.Debug|Any CPU.ActiveCfg = Debug|Any CPU
		{A58F4F2F-2DC1-4596-933C-7C99775E959A}.Debug|Any CPU.Build.0 = Debug|Any CPU
		{A58F4F2F-2DC1-4596-933C-7C99775E959A}.Release|Any CPU.ActiveCfg = Release|Any CPU
		{A58F4F2F-2DC1-4596-933C-7C99775E959A}.Release|Any CPU.Build.0 = Release|Any CPU
	EndGlobalSection
	GlobalSection(SolutionProperties) = preSolution
		HideSolutionNode = FALSE
	EndGlobalSection
	GlobalSection(ExtensibilityGlobals) = postSolution
		SolutionGuid = {79921D3D-274D-4526-9EB6-97B3FDDF507B}
	EndGlobalSection
EndGlobal
